
Microsoft Visual Studio Solution File, Format Version 12.00
# Visual Studio Version 16
VisualStudioVersion = 16.0.30128.74
MinimumVisualStudioVersion = 10.0.40219.1
Project("{9A19103F-16F7-4668-BE54-9A1E7A4F7556}") = "MetaWeather.Common", "MetaWeather.Common\MetaWeather.Common.csproj", "{978C6026-FC3D-43AF-AD41-C618F0A5EAA5}"
EndProject
Project("{9A19103F-16F7-4668-BE54-9A1E7A4F7556}") = "MetaWeatherApi.Common", "MetaWeatherApi.Common\MetaWeatherApi.Common.csproj", "{7DA8F232-CBE3-4140-8A5B-B0FB524CD164}"
EndProject
Project("{9A19103F-16F7-4668-BE54-9A1E7A4F7556}") = "MetaWeather.Windows.UI", "MetaWeather.Windows.UI\MetaWeather.Windows.UI.csproj", "{29E317EB-49D3-445C-B2BD-D4FB5F63411A}"
EndProject
Project("{9A19103F-16F7-4668-BE54-9A1E7A4F7556}") = "MetaWeatherApi", "MetaWeatherApi\MetaWeatherApi.csproj", "{39D050D5-18A5-42F0-9169-B64146229BFE}"
EndProject
Project("{FAE04EC0-301F-11D3-BF4B-00C04F79EFBC}") = "MetaWeather.Windows.Client", "MetaWeather.Windows.Client\MetaWeather.Windows.Client.csproj", "{93CEDBF3-8038-4DD0-8E1C-0A893A5B8993}"
EndProject
Global
	GlobalSection(SolutionConfigurationPlatforms) = preSolution
		Debug|Any CPU = Debug|Any CPU
		Release|Any CPU = Release|Any CPU
	EndGlobalSection
	GlobalSection(ProjectConfigurationPlatforms) = postSolution
		{978C6026-FC3D-43AF-AD41-C618F0A5EAA5}.Debug|Any CPU.ActiveCfg = Debug|Any CPU
		{978C6026-FC3D-43AF-AD41-C618F0A5EAA5}.Debug|Any CPU.Build.0 = Debug|Any CPU
		{978C6026-FC3D-43AF-AD41-C618F0A5EAA5}.Release|Any CPU.ActiveCfg = Release|Any CPU
		{978C6026-FC3D-43AF-AD41-C618F0A5EAA5}.Release|Any CPU.Build.0 = Release|Any CPU
		{7DA8F232-CBE3-4140-8A5B-B0FB524CD164}.Debug|Any CPU.ActiveCfg = Debug|Any CPU
		{7DA8F232-CBE3-4140-8A5B-B0FB524CD164}.Debug|Any CPU.Build.0 = Debug|Any CPU
		{7DA8F232-CBE3-4140-8A5B-B0FB524CD164}.Release|Any CPU.ActiveCfg = Release|Any CPU
		{7DA8F232-CBE3-4140-8A5B-B0FB524CD164}.Release|Any CPU.Build.0 = Release|Any CPU
		{29E317EB-49D3-445C-B2BD-D4FB5F63411A}.Debug|Any CPU.ActiveCfg = Debug|Any CPU
		{29E317EB-49D3-445C-B2BD-D4FB5F63411A}.Debug|Any CPU.Build.0 = Debug|Any CPU
		{29E317EB-49D3-445C-B2BD-D4FB5F63411A}.Release|Any CPU.ActiveCfg = Release|Any CPU
		{29E317EB-49D3-445C-B2BD-D4FB5F63411A}.Release|Any CPU.Build.0 = Release|Any CPU
		{39D050D5-18A5-42F0-9169-B64146229BFE}.Debug|Any CPU.ActiveCfg = Debug|Any CPU
		{39D050D5-18A5-42F0-9169-B64146229BFE}.Debug|Any CPU.Build.0 = Debug|Any CPU
		{39D050D5-18A5-42F0-9169-B64146229BFE}.Release|Any CPU.ActiveCfg = Release|Any CPU
		{39D050D5-18A5-42F0-9169-B64146229BFE}.Release|Any CPU.Build.0 = Release|Any CPU
		{93CEDBF3-8038-4DD0-8E1C-0A893A5B8993}.Debug|Any CPU.ActiveCfg = Debug|Any CPU
		{93CEDBF3-8038-4DD0-8E1C-0A893A5B8993}.Debug|Any CPU.Build.0 = Debug|Any CPU
		{93CEDBF3-8038-4DD0-8E1C-0A893A5B8993}.Release|Any CPU.ActiveCfg = Release|Any CPU
		{93CEDBF3-8038-4DD0-8E1C-0A893A5B8993}.Release|Any CPU.Build.0 = Release|Any CPU
	EndGlobalSection
	GlobalSection(SolutionProperties) = preSolution
		HideSolutionNode = FALSE
	EndGlobalSection
	GlobalSection(ExtensibilityGlobals) = postSolution
		SolutionGuid = {9DCC4E97-B340-41B1-BBC9-69C17908942F}
	EndGlobalSection
EndGlobal
